
Microsoft Visual Studio Solution File, Format Version 12.00
# Visual Studio Version 17
VisualStudioVersion = 17.11.35208.52
MinimumVisualStudioVersion = 10.0.40219.1
Project("{F184B08F-C81C-45F6-A57F-5ABD9991F28F}") = "MultiplicationTable", "MultiplicationTable\MultiplicationTable.vbproj", "{5C74D686-4AEA-436E-BBB2-694D3FF92D8A}"
EndProject
Global
	GlobalSection(SolutionConfigurationPlatforms) = preSolution
		Debug|Any CPU = Debug|Any CPU
		Release|Any CPU = Release|Any CPU
	EndGlobalSection
	GlobalSection(ProjectConfigurationPlatforms) = postSolution
		{5C74D686-4AEA-436E-BBB2-694D3FF92D8A}.Debug|Any CPU.ActiveCfg = Debug|Any CPU
		{5C74D686-4AEA-436E-BBB2-694D3FF92D8A}.Debug|Any CPU.Build.0 = Debug|Any CPU
		{5C74D686-4AEA-436E-BBB2-694D3FF92D8A}.Release|Any CPU.ActiveCfg = Release|Any CPU
		{5C74D686-4AEA-436E-BBB2-694D3FF92D8A}.Release|Any CPU.Build.0 = Release|Any CPU
	EndGlobalSection
	GlobalSection(SolutionProperties) = preSolution
		HideSolutionNode = FALSE
	EndGlobalSection
	GlobalSection(ExtensibilityGlobals) = postSolution
		SolutionGuid = {3F1A5506-1592-4FC7-A0DC-BDD31D587B6E}
	EndGlobalSection
EndGlobal
